
Microsoft Visual Studio Solution File, Format Version 12.00
# Visual Studio 2012
Project("{FAE04EC0-301F-11D3-BF4B-00C04F79EFBC}") = "IntroToOO", "IntroToOO\IntroToOO.csproj", "{B0779F01-1677-4CB4-8599-76D968597217}"
EndProject
Global
	GlobalSection(SolutionConfigurationPlatforms) = preSolution
		Debug|Any CPU = Debug|Any CPU
		Release|Any CPU = Release|Any CPU
	EndGlobalSection
	GlobalSection(ProjectConfigurationPlatforms) = postSolution
		{B0779F01-1677-4CB4-8599-76D968597217}.Debug|Any CPU.ActiveCfg = Debug|Any CPU
		{B0779F01-1677-4CB4-8599-76D968597217}.Debug|Any CPU.Build.0 = Debug|Any CPU
		{B0779F01-1677-4CB4-8599-76D968597217}.Release|Any CPU.ActiveCfg = Release|Any CPU
		{B0779F01-1677-4CB4-8599-76D968597217}.Release|Any CPU.Build.0 = Release|Any CPU
	EndGlobalSection
	GlobalSection(SolutionProperties) = preSolution
		HideSolutionNode = FALSE
	EndGlobalSection
EndGlobal
